
Microsoft Visual Studio Solution File, Format Version 12.00
# Visual Studio Version 16
VisualStudioVersion = 25.0.1705.3
MinimumVisualStudioVersion = 10.0.40219.1
Project("{FAE04EC0-301F-11D3-BF4B-00C04F79EFBC}") = "TestSchadApp", "TestSchadApp.csproj", "{7C303FC5-7132-4156-B52C-22188D9F68EE}"
EndProject
Global
	GlobalSection(SolutionConfigurationPlatforms) = preSolution
		Debug|Any CPU = Debug|Any CPU
		Release|Any CPU = Release|Any CPU
	EndGlobalSection
	GlobalSection(ProjectConfigurationPlatforms) = postSolution
		{7C303FC5-7132-4156-B52C-22188D9F68EE}.Debug|Any CPU.ActiveCfg = Debug|Any CPU
		{7C303FC5-7132-4156-B52C-22188D9F68EE}.Debug|Any CPU.Build.0 = Debug|Any CPU
		{7C303FC5-7132-4156-B52C-22188D9F68EE}.Release|Any CPU.ActiveCfg = Release|Any CPU
		{7C303FC5-7132-4156-B52C-22188D9F68EE}.Release|Any CPU.Build.0 = Release|Any CPU
	EndGlobalSection
	GlobalSection(SolutionProperties) = preSolution
		HideSolutionNode = FALSE
	EndGlobalSection
	GlobalSection(ExtensibilityGlobals) = postSolution
		SolutionGuid = {D83EA120-1A76-4270-9DA1-39A6F6BE5A5E}
	EndGlobalSection
EndGlobal
